
Microsoft Visual Studio Solution File, Format Version 12.00
# Visual Studio Version 16
VisualStudioVersion = 16.0.31702.278
MinimumVisualStudioVersion = 10.0.40219.1
Project("{FAE04EC0-301F-11D3-BF4B-00C04F79EFBC}") = "aditionalTask", "aditionalTask\aditionalTask.csproj", "{B3BA4A80-B9FF-435D-8423-068865897690}"
EndProject
Project("{FAE04EC0-301F-11D3-BF4B-00C04F79EFBC}") = "Task2", "Task2\Task2.csproj", "{CCFACD4D-C454-4B56-8D79-899F052DE0C4}"
EndProject
Project("{FAE04EC0-301F-11D3-BF4B-00C04F79EFBC}") = "Task3", "Task3\Task3.csproj", "{DE1308EB-644F-408B-AA8A-0B764726C932}"
EndProject
Global
	GlobalSection(SolutionConfigurationPlatforms) = preSolution
		Debug|Any CPU = Debug|Any CPU
		Release|Any CPU = Release|Any CPU
	EndGlobalSection
	GlobalSection(ProjectConfigurationPlatforms) = postSolution
		{B3BA4A80-B9FF-435D-8423-068865897690}.Debug|Any CPU.ActiveCfg = Debug|Any CPU
		{B3BA4A80-B9FF-435D-8423-068865897690}.Debug|Any CPU.Build.0 = Debug|Any CPU
		{B3BA4A80-B9FF-435D-8423-068865897690}.Release|Any CPU.ActiveCfg = Release|Any CPU
		{B3BA4A80-B9FF-435D-8423-068865897690}.Release|Any CPU.Build.0 = Release|Any CPU
		{CCFACD4D-C454-4B56-8D79-899F052DE0C4}.Debug|Any CPU.ActiveCfg = Debug|Any CPU
		{CCFACD4D-C454-4B56-8D79-899F052DE0C4}.Debug|Any CPU.Build.0 = Debug|Any CPU
		{CCFACD4D-C454-4B56-8D79-899F052DE0C4}.Release|Any CPU.ActiveCfg = Release|Any CPU
		{CCFACD4D-C454-4B56-8D79-899F052DE0C4}.Release|Any CPU.Build.0 = Release|Any CPU
		{DE1308EB-644F-408B-AA8A-0B764726C932}.Debug|Any CPU.ActiveCfg = Debug|Any CPU
		{DE1308EB-644F-408B-AA8A-0B764726C932}.Debug|Any CPU.Build.0 = Debug|Any CPU
		{DE1308EB-644F-408B-AA8A-0B764726C932}.Release|Any CPU.ActiveCfg = Release|Any CPU
		{DE1308EB-644F-408B-AA8A-0B764726C932}.Release|Any CPU.Build.0 = Release|Any CPU
	EndGlobalSection
	GlobalSection(SolutionProperties) = preSolution
		HideSolutionNode = FALSE
	EndGlobalSection
	GlobalSection(ExtensibilityGlobals) = postSolution
		SolutionGuid = {619E93C4-9981-413F-AA18-98A82E2FE101}
	EndGlobalSection
EndGlobal
